// !$*UTF8*$!
{
	archiveVersion = 1;
	classes = {
	};
	objectVersion = 46;
	objects = {

/* Begin PBXBuildFile section */
		2CA7EDE61E664111000CADB2 /* AppDelegate.swift in Sources */ = {isa = PBXBuildFile; fileRef = 2CA7EDE51E664111000CADB2 /* AppDelegate.swift */; };
		2CA7EDE81E664111000CADB2 /* ViewController.swift in Sources */ = {isa = PBXBuildFile; fileRef = 2CA7EDE71E664111000CADB2 /* ViewController.swift */; };
		2CA7EDEB1E664111000CADB2 /* Main.storyboard in Resources */ = {isa = PBXBuildFile; fileRef = 2CA7EDE91E664111000CADB2 /* Main.storyboard */; };
		2CA7EDED1E664111000CADB2 /* Assets.xcassets in Resources */ = {isa = PBXBuildFile; fileRef = 2CA7EDEC1E664111000CADB2 /* Assets.xcassets */; };
		2CA7EDF01E664111000CADB2 /* LaunchScreen.storyboard in Resources */ = {isa = PBXBuildFile; fileRef = 2CA7EDEE1E664111000CADB2 /* LaunchScreen.storyboard */; };
		2CA7EDF81E66550B000CADB2 /* Test1ViewController.swift in Sources */ = {isa = PBXBuildFile; fileRef = 2CA7EDF71E66550B000CADB2 /* Test1ViewController.swift */; };
		2CA7EDFA1E66CAAD000CADB2 /* Test2ViewController.swift in Sources */ = {isa = PBXBuildFile; fileRef = 2CA7EDF91E66CAAD000CADB2 /* Test2ViewController.swift */; };
		2CA7EDFC1E66CAC6000CADB2 /* Test3ViewController.swift in Sources */ = {isa = PBXBuildFile; fileRef = 2CA7EDFB1E66CAC5000CADB2 /* Test3ViewController.swift */; };
		2CA7EDFE1E66D582000CADB2 /* Wynik1ViewController.swift in Sources */ = {isa = PBXBuildFile; fileRef = 2CA7EDFD1E66D582000CADB2 /* Wynik1ViewController.swift */; };
		2CA7EE001E66D5A6000CADB2 /* Wynik2ViewController.swift in Sources */ = {isa = PBXBuildFile; fileRef = 2CA7EDFF1E66D5A6000CADB2 /* Wynik2ViewController.swift */; };
		2CA7EE021E66D60E000CADB2 /* Wynik3ViewController.swift in Sources */ = {isa = PBXBuildFile; fileRef = 2CA7EE011E66D60E000CADB2 /* Wynik3ViewController.swift */; };
/* End PBXBuildFile section */

/* Begin PBXFileReference section */
		2CA7EDE21E664111000CADB2 /* Egzamin2.app */ = {isa = PBXFileReference; explicitFileType = wrapper.application; includeInIndex = 0; path = Egzamin2.app; sourceTree = BUILT_PRODUCTS_DIR; };
		2CA7EDE51E664111000CADB2 /* AppDelegate.swift */ = {isa = PBXFileReference; lastKnownFileType = sourcecode.swift; path = AppDelegate.swift; sourceTree = "<group>"; };
		2CA7EDE71E664111000CADB2 /* ViewController.swift */ = {isa = PBXFileReference; lastKnownFileType = sourcecode.swift; path = ViewController.swift; sourceTree = "<group>"; };
		2CA7EDEA1E664111000CADB2 /* Base */ = {isa = PBXFileReference; lastKnownFileType = file.storyboard; name = Base; path = Base.lproj/Main.storyboard; sourceTree = "<group>"; };
		2CA7EDEC1E664111000CADB2 /* Assets.xcassets */ = {isa = PBXFileReference; lastKnownFileType = folder.assetcatalog; path = Assets.xcassets; sourceTree = "<group>"; };
		2CA7EDEF1E664111000CADB2 /* Base */ = {isa = PBXFileReference; lastKnownFileType = file.storyboard; name = Base; path = Base.lproj/LaunchScreen.storyboard; sourceTree = "<group>"; };
		2CA7EDF11E664111000CADB2 /* Info.plist */ = {isa = PBXFileReference; lastKnownFileType = text.plist.xml; path = Info.plist; sourceTree = "<group>"; };
		2CA7EDF71E66550B000CADB2 /* Test1ViewController.swift */ = {isa = PBXFileReference; fileEncoding = 4; lastKnownFileType = sourcecode.swift; name = Test1ViewController.swift; path = ../Test1ViewController.swift; sourceTree = "<group>"; };
		2CA7EDF91E66CAAD000CADB2 /* Test2ViewController.swift */ = {isa = PBXFileReference; fileEncoding = 4; lastKnownFileType = sourcecode.swift; path = Test2ViewController.swift; sourceTree = "<group>"; };
		2CA7EDFB1E66CAC5000CADB2 /* Test3ViewController.swift */ = {isa = PBXFileReference; fileEncoding = 4; lastKnownFileType = sourcecode.swift; path = Test3ViewController.swift; sourceTree = "<group>"; };
		2CA7EDFD1E66D582000CADB2 /* Wynik1ViewController.swift */ = {isa = PBXFileReference; fileEncoding = 4; lastKnownFileType = sourcecode.swift; path = Wynik1ViewController.swift; sourceTree = "<group>"; };
		2CA7EDFF1E66D5A6000CADB2 /* Wynik2ViewController.swift */ = {isa = PBXFileReference; fileEncoding = 4; lastKnownFileType = sourcecode.swift; path = Wynik2ViewController.swift; sourceTree = "<group>"; };
		2CA7EE011E66D60E000CADB2 /* Wynik3ViewController.swift */ = {isa = PBXFileReference; fileEncoding = 4; lastKnownFileType = sourcecode.swift; path = Wynik3ViewController.swift; sourceTree = "<group>"; };
/* End PBXFileReference section */

/* Begin PBXFrameworksBuildPhase section */
		2CA7EDDF1E664111000CADB2 /* Frameworks */ = {
			isa = PBXFrameworksBuildPhase;
			buildActionMask = 2147483647;
			files = (
			);
			runOnlyForDeploymentPostprocessing = 0;
		};
/* End PBXFrameworksBuildPhase section */

/* Begin PBXGroup section */
		2CA7EDD91E664111000CADB2 = {
			isa = PBXGroup;
			children = (
				2CA7EDE41E664111000CADB2 /* Egzamin2 */,
				2CA7EDE31E664111000CADB2 /* Products */,
			);
			sourceTree = "<group>";
		};
		2CA7EDE31E664111000CADB2 /* Products */ = {
			isa = PBXGroup;
			children = (
				2CA7EDE21E664111000CADB2 /* Egzamin2.app */,
			);
			name = Products;
			sourceTree = "<group>";
		};
		2CA7EDE41E664111000CADB2 /* Egzamin2 */ = {
			isa = PBXGroup;
			children = (
				2CA7EDE91E664111000CADB2 /* Main.storyboard */,
				2CA7EDF71E66550B000CADB2 /* Test1ViewController.swift */,
				2CA7EDF91E66CAAD000CADB2 /* Test2ViewController.swift */,
				2CA7EDFB1E66CAC5000CADB2 /* Test3ViewController.swift */,
				2CA7EDFD1E66D582000CADB2 /* Wynik1ViewController.swift */,
				2CA7EDFF1E66D5A6000CADB2 /* Wynik2ViewController.swift */,
				2CA7EE011E66D60E000CADB2 /* Wynik3ViewController.swift */,
				2CA7EDE51E664111000CADB2 /* AppDelegate.swift */,
				2CA7EDE71E664111000CADB2 /* ViewController.swift */,
				2CA7EDEC1E664111000CADB2 /* Assets.xcassets */,
				2CA7EDEE1E664111000CADB2 /* LaunchScreen.storyboard */,
				2CA7EDF11E664111000CADB2 /* Info.plist */,
			);
			path = Egzamin2;
			sourceTree = "<group>";
		};
/* End PBXGroup section */

/* Begin PBXNativeTarget section */
		2CA7EDE11E664111000CADB2 /* Egzamin2 */ = {
			isa = PBXNativeTarget;
			buildConfigurationList = 2CA7EDF41E664111000CADB2 /* Build configuration list for PBXNativeTarget "Egzamin2" */;
			buildPhases = (
				2CA7EDDE1E664111000CADB2 /* Sources */,
				2CA7EDDF1E664111000CADB2 /* Frameworks */,
				2CA7EDE01E664111000CADB2 /* Resources */,
			);
			buildRules = (
			);
			dependencies = (
			);
			name = Egzamin2;
			productName = Egzamin2;
			productReference = 2CA7EDE21E664111000CADB2 /* Egzamin2.app */;
			productType = "com.apple.product-type.application";
		};
/* End PBXNativeTarget section */

/* Begin PBXProject section */
		2CA7EDDA1E664111000CADB2 /* Project object */ = {
			isa = PBXProject;
			attributes = {
				LastSwiftUpdateCheck = 0800;
				LastUpgradeCheck = 0800;
				ORGANIZATIONNAME = "Slawomir Kurczewski";
				TargetAttributes = {
					2CA7EDE11E664111000CADB2 = {
						CreatedOnToolsVersion = 8.0;
						ProvisioningStyle = Automatic;
					};
				};
			};
			buildConfigurationList = 2CA7EDDD1E664111000CADB2 /* Build configuration list for PBXProject "Egzamin2" */;
			compatibilityVersion = "Xcode 3.2";
			developmentRegion = English;
			hasScannedForEncodings = 0;
			knownRegions = (
				en,
				Base,
			);
			mainGroup = 2CA7EDD91E664111000CADB2;
			productRefGroup = 2CA7EDE31E664111000CADB2 /* Products */;
			projectDirPath = "";
			projectRoot = "";
			targets = (
				2CA7EDE11E664111000CADB2 /* Egzamin2 */,
			);
		};
/* End PBXProject section */

/* Begin PBXResourcesBuildPhase section */
		2CA7EDE01E664111000CADB2 /* Resources */ = {
			isa = PBXResourcesBuildPhase;
			buildActionMask = 2147483647;
			files = (
				2CA7EDF01E664111000CADB2 /* LaunchScreen.storyboard in Resources */,
				2CA7EDED1E664111000CADB2 /* Assets.xcassets in Resources */,
				2CA7EDEB1E664111000CADB2 /* Main.storyboard in Resources */,
			);
			runOnlyForDeploymentPostprocessing = 0;
		};
/* End PBXResourcesBuildPhase section */

/* Begin PBXSourcesBuildPhase section */
		2CA7EDDE1E664111000CADB2 /* Sources */ = {
			isa = PBXSourcesBuildPhase;
			buildActionMask = 2147483647;
			files = (
				2CA7EDF81E66550B000CADB2 /* Test1ViewController.swift in Sources */,
				2CA7EE021E66D60E000CADB2 /* Wynik3ViewController.swift in Sources */,
				2CA7EE001E66D5A6000CADB2 /* Wynik2ViewController.swift in Sources */,
				2CA7EDFE1E66D582000CADB2 /* Wynik1ViewController.swift in Sources */,
				2CA7EDFA1E66CAAD000CADB2 /* Test2ViewController.swift in Sources */,
				2CA7EDE81E664111000CADB2 /* ViewController.swift in Sources */,
				2CA7EDFC1E66CAC6000CADB2 /* Test3ViewController.swift in Sources */,
				2CA7EDE61E664111000CADB2 /* AppDelegate.swift in Sources */,
			);
			runOnlyForDeploymentPostprocessing = 0;
		};
/* End PBXSourcesBuildPhase section */

/* Begin PBXVariantGroup section */
		2CA7EDE91E664111000CADB2 /* Main.storyboard */ = {
			isa = PBXVariantGroup;
			children = (
				2CA7EDEA1E664111000CADB2 /* Base */,
			);
			name = Main.storyboard;
			sourceTree = "<group>";
		};
		2CA7EDEE1E664111000CADB2 /* LaunchScreen.storyboard */ = {
			isa = PBXVariantGroup;
			children = (
				2CA7EDEF1E664111000CADB2 /* Base */,
			);
			name = LaunchScreen.storyboard;
			sourceTree = "<group>";
		};
/* End PBXVariantGroup section */

/* Begin XCBuildConfiguration section */
		2CA7EDF21E664111000CADB2 /* Debug */ = {
			isa = XCBuildConfiguration;
			buildSettings = {
				ALWAYS_SEARCH_USER_PATHS = NO;
				CLANG_ANALYZER_NONNULL = YES;
				CLANG_CXX_LANGUAGE_STANDARD = "gnu++0x";
				CLANG_CXX_LIBRARY = "libc++";
				CLANG_ENABLE_MODULES = YES;
				CLANG_ENABLE_OBJC_ARC = YES;
				CLANG_WARN_BOOL_CONVERSION = YES;
				CLANG_WARN_CONSTANT_CONVERSION = YES;
				CLANG_WARN_DIRECT_OBJC_ISA_USAGE = YES_ERROR;
				CLANG_WARN_DOCUMENTATION_COMMENTS = YES;
				CLANG_WARN_EMPTY_BODY = YES;
				CLANG_WARN_ENUM_CONVERSION = YES;
				CLANG_WARN_INFINITE_RECURSION = YES;
				CLANG_WARN_INT_CONVERSION = YES;
				CLANG_WARN_OBJC_ROOT_CLASS = YES_ERROR;
				CLANG_WARN_SUSPICIOUS_MOVES = YES;
				CLANG_WARN_UNREACHABLE_CODE = YES;
				CLANG_WARN__DUPLICATE_METHOD_MATCH = YES;
				"CODE_SIGN_IDENTITY[sdk=iphoneos*]" = "iPhone Developer";
				COPY_PHASE_STRIP = NO;
				DEBUG_INFORMATION_FORMAT = dwarf;
				ENABLE_STRICT_OBJC_MSGSEND = YES;
				ENABLE_TESTABILITY = YES;
				GCC_C_LANGUAGE_STANDARD = gnu99;
				GCC_DYNAMIC_NO_PIC = NO;
				GCC_NO_COMMON_BLOCKS = YES;
				GCC_OPTIMIZATION_LEVEL = 0;
				GCC_PREPROCESSOR_DEFINITIONS = (
					"DEBUG=1",
					"$(inherited)",
				);
				GCC_WARN_64_TO_32_BIT_CONVERSION = YES;
				GCC_WARN_ABOUT_RETURN_TYPE = YES_ERROR;
				GCC_WARN_UNDECLARED_SELECTOR = YES;
				GCC_WARN_UNINITIALIZED_AUTOS = YES_AGGRESSIVE;
				GCC_WARN_UNUSED_FUNCTION = YES;
				GCC_WARN_UNUSED_VARIABLE = YES;
				IPHONEOS_DEPLOYMENT_TARGET = 10.0;
				MTL_ENABLE_DEBUG_INFO = YES;
				ONLY_ACTIVE_ARCH = YES;
				SDKROOT = iphoneos;
				SWIFT_ACTIVE_COMPILATION_CONDITIONS = DEBUG;
				SWIFT_OPTIMIZATION_LEVEL = "-Onone";
			};
			name = Debug;
		};
		2CA7EDF31E664111000CADB2 /* Release */ = {
			isa = XCBuildConfiguration;
			buildSettings = {
				ALWAYS_SEARCH_USER_PATHS = NO;
				CLANG_ANALYZER_NONNULL = YES;
				CLANG_CXX_LANGUAGE_STANDARD = "gnu++0x";
				CLANG_CXX_LIBRARY = "libc++";
				CLANG_ENABLE_MODULES = YES;
				CLANG_ENABLE_OBJC_ARC = YES;
				CLANG_WARN_BOOL_CONVERSION = YES;
				CLANG_WARN_CONSTANT_CONVERSION = YES;
				CLANG_WARN_DIRECT_OBJC_ISA_USAGE = YES_ERROR;
				CLANG_WARN_DOCUMENTATION_COMMENTS = YES;
				CLANG_WARN_EMPTY_BODY = YES;
				CLANG_WARN_ENUM_CONVERSION = YES;
				CLANG_WARN_INFINITE_RECURSION = YES;
				CLANG_WARN_INT_CONVERSION = YES;
				CLANG_WARN_OBJC_ROOT_CLASS = YES_ERROR;
				CLANG_WARN_SUSPICIOUS_MOVES = YES;
				CLANG_WARN_UNREACHABLE_CODE = YES;
				CLANG_WARN__DUPLICATE_METHOD_MATCH = YES;
				"CODE_SIGN_IDENTITY[sdk=iphoneos*]" = "iPhone Developer";
				COPY_PHASE_STRIP = NO;
				DEBUG_INFORMATION_FORMAT = "dwarf-with-dsym";
				ENABLE_NS_ASSERTIONS = NO;
				ENABLE_STRICT_OBJC_MSGSEND = YES;
				GCC_C_LANGUAGE_STANDARD = gnu99;
				GCC_NO_COMMON_BLOCKS = YES;
				GCC_WARN_64_TO_32_BIT_CONVERSION = YES;
				GCC_WARN_ABOUT_RETURN_TYPE = YES_ERROR;
				GCC_WARN_UNDECLARED_SELECTOR = YES;
				GCC_WARN_UNINITIALIZED_AUTOS = YES_AGGRESSIVE;
				GCC_WARN_UNUSED_FUNCTION = YES;
				GCC_WARN_UNUSED_VARIABLE = YES;
				IPHONEOS_DEPLOYMENT_TARGET = 10.0;
				MTL_ENABLE_DEBUG_INFO = NO;
				SDKROOT = iphoneos;
				SWIFT_OPTIMIZATION_LEVEL = "-Owholemodule";
				VALIDATE_PRODUCT = YES;
			};
			name = Release;
		};
		2CA7EDF51E664111000CADB2 /* Debug */ = {
			isa = XCBuildConfiguration;
			buildSettings = {
				ASSETCATALOG_COMPILER_APPICON_NAME = AppIcon;
				INFOPLIST_FILE = Egzamin2/Info.plist;
				LD_RUNPATH_SEARCH_PATHS = "$(inherited) @executable_path/Frameworks";
				PRODUCT_BUNDLE_IDENTIFIER = pl.wroclaw.pwr.Egzamin2;
				PRODUCT_NAME = "$(TARGET_NAME)";
				SWIFT_VERSION = 3.0;
			};
			name = Debug;
		};
		2CA7EDF61E664111000CADB2 /* Release */ = {
			isa = XCBuildConfiguration;
			buildSettings = {
				ASSETCATALOG_COMPILER_APPICON_NAME = AppIcon;
				INFOPLIST_FILE = Egzamin2/Info.plist;
				LD_RUNPATH_SEARCH_PATHS = "$(inherited) @executable_path/Frameworks";
				PRODUCT_BUNDLE_IDENTIFIER = pl.wroclaw.pwr.Egzamin2;
				PRODUCT_NAME = "$(TARGET_NAME)";
				SWIFT_VERSION = 3.0;
			};
			name = Release;
		};
/* End XCBuildConfiguration section */

/* Begin XCConfigurationList section */
		2CA7EDDD1E664111000CADB2 /* Build configuration list for PBXProject "Egzamin2" */ = {
			isa = XCConfigurationList;
			buildConfigurations = (
				2CA7EDF21E664111000CADB2 /* Debug */,
				2CA7EDF31E664111000CADB2 /* Release */,
			);
			defaultConfigurationIsVisible = 0;
			defaultConfigurationName = Release;
		};
		2CA7EDF41E664111000CADB2 /* Build configuration list for PBXNativeTarget "Egzamin2" */ = {
			isa = XCConfigurationList;
			buildConfigurations = (
				2CA7EDF51E664111000CADB2 /* Debug */,
				2CA7EDF61E664111000CADB2 /* Release */,
			);
			defaultConfigurationIsVisible = 0;
		};
/* End XCConfigurationList section */
	};
	rootObject = 2CA7EDDA1E664111000CADB2 /* Project object */;
}
