// !$*UTF8*$!
{
	archiveVersion = 1;
	classes = {
	};
	objectVersion = 46;
	objects = {

/* Begin PBXBuildFile section */
		2CA7EDC41E664060000CADB2 /* AppDelegate.swift in Sources */ = {isa = PBXBuildFile; fileRef = 2CA7EDC31E664060000CADB2 /* AppDelegate.swift */; };
		2CA7EDC61E664060000CADB2 /* RootViewController.swift in Sources */ = {isa = PBXBuildFile; fileRef = 2CA7EDC51E664060000CADB2 /* RootViewController.swift */; };
		2CA7EDC81E664060000CADB2 /* DataViewController.swift in Sources */ = {isa = PBXBuildFile; fileRef = 2CA7EDC71E664060000CADB2 /* DataViewController.swift */; };
		2CA7EDCA1E664060000CADB2 /* ModelController.swift in Sources */ = {isa = PBXBuildFile; fileRef = 2CA7EDC91E664060000CADB2 /* ModelController.swift */; };
		2CA7EDCD1E664060000CADB2 /* Main.storyboard in Resources */ = {isa = PBXBuildFile; fileRef = 2CA7EDCB1E664060000CADB2 /* Main.storyboard */; };
		2CA7EDCF1E664060000CADB2 /* Assets.xcassets in Resources */ = {isa = PBXBuildFile; fileRef = 2CA7EDCE1E664060000CADB2 /* Assets.xcassets */; };
		2CA7EDD21E664060000CADB2 /* LaunchScreen.storyboard in Resources */ = {isa = PBXBuildFile; fileRef = 2CA7EDD01E664060000CADB2 /* LaunchScreen.storyboard */; };
/* End PBXBuildFile section */

/* Begin PBXFileReference section */
		2CA7EDC01E664060000CADB2 /* Egzamin1.app */ = {isa = PBXFileReference; explicitFileType = wrapper.application; includeInIndex = 0; path = Egzamin1.app; sourceTree = BUILT_PRODUCTS_DIR; };
		2CA7EDC31E664060000CADB2 /* AppDelegate.swift */ = {isa = PBXFileReference; lastKnownFileType = sourcecode.swift; path = AppDelegate.swift; sourceTree = "<group>"; };
		2CA7EDC51E664060000CADB2 /* RootViewController.swift */ = {isa = PBXFileReference; lastKnownFileType = sourcecode.swift; path = RootViewController.swift; sourceTree = "<group>"; };
		2CA7EDC71E664060000CADB2 /* DataViewController.swift */ = {isa = PBXFileReference; lastKnownFileType = sourcecode.swift; path = DataViewController.swift; sourceTree = "<group>"; };
		2CA7EDC91E664060000CADB2 /* ModelController.swift */ = {isa = PBXFileReference; lastKnownFileType = sourcecode.swift; path = ModelController.swift; sourceTree = "<group>"; };
		2CA7EDCC1E664060000CADB2 /* Base */ = {isa = PBXFileReference; lastKnownFileType = file.storyboard; name = Base; path = Base.lproj/Main.storyboard; sourceTree = "<group>"; };
		2CA7EDCE1E664060000CADB2 /* Assets.xcassets */ = {isa = PBXFileReference; lastKnownFileType = folder.assetcatalog; path = Assets.xcassets; sourceTree = "<group>"; };
		2CA7EDD11E664060000CADB2 /* Base */ = {isa = PBXFileReference; lastKnownFileType = file.storyboard; name = Base; path = Base.lproj/LaunchScreen.storyboard; sourceTree = "<group>"; };
		2CA7EDD31E664060000CADB2 /* Info.plist */ = {isa = PBXFileReference; lastKnownFileType = text.plist.xml; path = Info.plist; sourceTree = "<group>"; };
/* End PBXFileReference section */

/* Begin PBXFrameworksBuildPhase section */
		2CA7EDBD1E664060000CADB2 /* Frameworks */ = {
			isa = PBXFrameworksBuildPhase;
			buildActionMask = 2147483647;
			files = (
			);
			runOnlyForDeploymentPostprocessing = 0;
		};
/* End PBXFrameworksBuildPhase section */

/* Begin PBXGroup section */
		2CA7EDB71E66405F000CADB2 = {
			isa = PBXGroup;
			children = (
				2CA7EDC21E664060000CADB2 /* Egzamin1 */,
				2CA7EDC11E664060000CADB2 /* Products */,
			);
			sourceTree = "<group>";
		};
		2CA7EDC11E664060000CADB2 /* Products */ = {
			isa = PBXGroup;
			children = (
				2CA7EDC01E664060000CADB2 /* Egzamin1.app */,
			);
			name = Products;
			sourceTree = "<group>";
		};
		2CA7EDC21E664060000CADB2 /* Egzamin1 */ = {
			isa = PBXGroup;
			children = (
				2CA7EDCB1E664060000CADB2 /* Main.storyboard */,
				2CA7EDC31E664060000CADB2 /* AppDelegate.swift */,
				2CA7EDC51E664060000CADB2 /* RootViewController.swift */,
				2CA7EDC71E664060000CADB2 /* DataViewController.swift */,
				2CA7EDC91E664060000CADB2 /* ModelController.swift */,
				2CA7EDCE1E664060000CADB2 /* Assets.xcassets */,
				2CA7EDD01E664060000CADB2 /* LaunchScreen.storyboard */,
				2CA7EDD31E664060000CADB2 /* Info.plist */,
			);
			path = Egzamin1;
			sourceTree = "<group>";
		};
/* End PBXGroup section */

/* Begin PBXNativeTarget section */
		2CA7EDBF1E664060000CADB2 /* Egzamin1 */ = {
			isa = PBXNativeTarget;
			buildConfigurationList = 2CA7EDD61E664060000CADB2 /* Build configuration list for PBXNativeTarget "Egzamin1" */;
			buildPhases = (
				2CA7EDBC1E664060000CADB2 /* Sources */,
				2CA7EDBD1E664060000CADB2 /* Frameworks */,
				2CA7EDBE1E664060000CADB2 /* Resources */,
			);
			buildRules = (
			);
			dependencies = (
			);
			name = Egzamin1;
			productName = Egzamin1;
			productReference = 2CA7EDC01E664060000CADB2 /* Egzamin1.app */;
			productType = "com.apple.product-type.application";
		};
/* End PBXNativeTarget section */

/* Begin PBXProject section */
		2CA7EDB81E664060000CADB2 /* Project object */ = {
			isa = PBXProject;
			attributes = {
				LastSwiftUpdateCheck = 0800;
				LastUpgradeCheck = 0800;
				ORGANIZATIONNAME = "Slawomir Kurczewski";
				TargetAttributes = {
					2CA7EDBF1E664060000CADB2 = {
						CreatedOnToolsVersion = 8.0;
						ProvisioningStyle = Automatic;
					};
				};
			};
			buildConfigurationList = 2CA7EDBB1E664060000CADB2 /* Build configuration list for PBXProject "Egzamin1" */;
			compatibilityVersion = "Xcode 3.2";
			developmentRegion = English;
			hasScannedForEncodings = 0;
			knownRegions = (
				en,
				Base,
			);
			mainGroup = 2CA7EDB71E66405F000CADB2;
			productRefGroup = 2CA7EDC11E664060000CADB2 /* Products */;
			projectDirPath = "";
			projectRoot = "";
			targets = (
				2CA7EDBF1E664060000CADB2 /* Egzamin1 */,
			);
		};
/* End PBXProject section */

/* Begin PBXResourcesBuildPhase section */
		2CA7EDBE1E664060000CADB2 /* Resources */ = {
			isa = PBXResourcesBuildPhase;
			buildActionMask = 2147483647;
			files = (
				2CA7EDD21E664060000CADB2 /* LaunchScreen.storyboard in Resources */,
				2CA7EDCF1E664060000CADB2 /* Assets.xcassets in Resources */,
				2CA7EDCD1E664060000CADB2 /* Main.storyboard in Resources */,
			);
			runOnlyForDeploymentPostprocessing = 0;
		};
/* End PBXResourcesBuildPhase section */

/* Begin PBXSourcesBuildPhase section */
		2CA7EDBC1E664060000CADB2 /* Sources */ = {
			isa = PBXSourcesBuildPhase;
			buildActionMask = 2147483647;
			files = (
				2CA7EDC61E664060000CADB2 /* RootViewController.swift in Sources */,
				2CA7EDCA1E664060000CADB2 /* ModelController.swift in Sources */,
				2CA7EDC81E664060000CADB2 /* DataViewController.swift in Sources */,
				2CA7EDC41E664060000CADB2 /* AppDelegate.swift in Sources */,
			);
			runOnlyForDeploymentPostprocessing = 0;
		};
/* End PBXSourcesBuildPhase section */

/* Begin PBXVariantGroup section */
		2CA7EDCB1E664060000CADB2 /* Main.storyboard */ = {
			isa = PBXVariantGroup;
			children = (
				2CA7EDCC1E664060000CADB2 /* Base */,
			);
			name = Main.storyboard;
			sourceTree = "<group>";
		};
		2CA7EDD01E664060000CADB2 /* LaunchScreen.storyboard */ = {
			isa = PBXVariantGroup;
			children = (
				2CA7EDD11E664060000CADB2 /* Base */,
			);
			name = LaunchScreen.storyboard;
			sourceTree = "<group>";
		};
/* End PBXVariantGroup section */

/* Begin XCBuildConfiguration section */
		2CA7EDD41E664060000CADB2 /* Debug */ = {
			isa = XCBuildConfiguration;
			buildSettings = {
				ALWAYS_SEARCH_USER_PATHS = NO;
				CLANG_ANALYZER_NONNULL = YES;
				CLANG_CXX_LANGUAGE_STANDARD = "gnu++0x";
				CLANG_CXX_LIBRARY = "libc++";
				CLANG_ENABLE_MODULES = YES;
				CLANG_ENABLE_OBJC_ARC = YES;
				CLANG_WARN_BOOL_CONVERSION = YES;
				CLANG_WARN_CONSTANT_CONVERSION = YES;
				CLANG_WARN_DIRECT_OBJC_ISA_USAGE = YES_ERROR;
				CLANG_WARN_DOCUMENTATION_COMMENTS = YES;
				CLANG_WARN_EMPTY_BODY = YES;
				CLANG_WARN_ENUM_CONVERSION = YES;
				CLANG_WARN_INFINITE_RECURSION = YES;
				CLANG_WARN_INT_CONVERSION = YES;
				CLANG_WARN_OBJC_ROOT_CLASS = YES_ERROR;
				CLANG_WARN_SUSPICIOUS_MOVES = YES;
				CLANG_WARN_UNREACHABLE_CODE = YES;
				CLANG_WARN__DUPLICATE_METHOD_MATCH = YES;
				"CODE_SIGN_IDENTITY[sdk=iphoneos*]" = "iPhone Developer";
				COPY_PHASE_STRIP = NO;
				DEBUG_INFORMATION_FORMAT = dwarf;
				ENABLE_STRICT_OBJC_MSGSEND = YES;
				ENABLE_TESTABILITY = YES;
				GCC_C_LANGUAGE_STANDARD = gnu99;
				GCC_DYNAMIC_NO_PIC = NO;
				GCC_NO_COMMON_BLOCKS = YES;
				GCC_OPTIMIZATION_LEVEL = 0;
				GCC_PREPROCESSOR_DEFINITIONS = (
					"DEBUG=1",
					"$(inherited)",
				);
				GCC_WARN_64_TO_32_BIT_CONVERSION = YES;
				GCC_WARN_ABOUT_RETURN_TYPE = YES_ERROR;
				GCC_WARN_UNDECLARED_SELECTOR = YES;
				GCC_WARN_UNINITIALIZED_AUTOS = YES_AGGRESSIVE;
				GCC_WARN_UNUSED_FUNCTION = YES;
				GCC_WARN_UNUSED_VARIABLE = YES;
				IPHONEOS_DEPLOYMENT_TARGET = 10.0;
				MTL_ENABLE_DEBUG_INFO = YES;
				ONLY_ACTIVE_ARCH = YES;
				SDKROOT = iphoneos;
				SWIFT_ACTIVE_COMPILATION_CONDITIONS = DEBUG;
				SWIFT_OPTIMIZATION_LEVEL = "-Onone";
			};
			name = Debug;
		};
		2CA7EDD51E664060000CADB2 /* Release */ = {
			isa = XCBuildConfiguration;
			buildSettings = {
				ALWAYS_SEARCH_USER_PATHS = NO;
				CLANG_ANALYZER_NONNULL = YES;
				CLANG_CXX_LANGUAGE_STANDARD = "gnu++0x";
				CLANG_CXX_LIBRARY = "libc++";
				CLANG_ENABLE_MODULES = YES;
				CLANG_ENABLE_OBJC_ARC = YES;
				CLANG_WARN_BOOL_CONVERSION = YES;
				CLANG_WARN_CONSTANT_CONVERSION = YES;
				CLANG_WARN_DIRECT_OBJC_ISA_USAGE = YES_ERROR;
				CLANG_WARN_DOCUMENTATION_COMMENTS = YES;
				CLANG_WARN_EMPTY_BODY = YES;
				CLANG_WARN_ENUM_CONVERSION = YES;
				CLANG_WARN_INFINITE_RECURSION = YES;
				CLANG_WARN_INT_CONVERSION = YES;
				CLANG_WARN_OBJC_ROOT_CLASS = YES_ERROR;
				CLANG_WARN_SUSPICIOUS_MOVES = YES;
				CLANG_WARN_UNREACHABLE_CODE = YES;
				CLANG_WARN__DUPLICATE_METHOD_MATCH = YES;
				"CODE_SIGN_IDENTITY[sdk=iphoneos*]" = "iPhone Developer";
				COPY_PHASE_STRIP = NO;
				DEBUG_INFORMATION_FORMAT = "dwarf-with-dsym";
				ENABLE_NS_ASSERTIONS = NO;
				ENABLE_STRICT_OBJC_MSGSEND = YES;
				GCC_C_LANGUAGE_STANDARD = gnu99;
				GCC_NO_COMMON_BLOCKS = YES;
				GCC_WARN_64_TO_32_BIT_CONVERSION = YES;
				GCC_WARN_ABOUT_RETURN_TYPE = YES_ERROR;
				GCC_WARN_UNDECLARED_SELECTOR = YES;
				GCC_WARN_UNINITIALIZED_AUTOS = YES_AGGRESSIVE;
				GCC_WARN_UNUSED_FUNCTION = YES;
				GCC_WARN_UNUSED_VARIABLE = YES;
				IPHONEOS_DEPLOYMENT_TARGET = 10.0;
				MTL_ENABLE_DEBUG_INFO = NO;
				SDKROOT = iphoneos;
				SWIFT_OPTIMIZATION_LEVEL = "-Owholemodule";
				VALIDATE_PRODUCT = YES;
			};
			name = Release;
		};
		2CA7EDD71E664060000CADB2 /* Debug */ = {
			isa = XCBuildConfiguration;
			buildSettings = {
				ASSETCATALOG_COMPILER_APPICON_NAME = AppIcon;
				INFOPLIST_FILE = Egzamin1/Info.plist;
				LD_RUNPATH_SEARCH_PATHS = "$(inherited) @executable_path/Frameworks";
				PRODUCT_BUNDLE_IDENTIFIER = pl.wroclaw.pwr.Egzamin1;
				PRODUCT_NAME = "$(TARGET_NAME)";
				SWIFT_VERSION = 3.0;
			};
			name = Debug;
		};
		2CA7EDD81E664060000CADB2 /* Release */ = {
			isa = XCBuildConfiguration;
			buildSettings = {
				ASSETCATALOG_COMPILER_APPICON_NAME = AppIcon;
				INFOPLIST_FILE = Egzamin1/Info.plist;
				LD_RUNPATH_SEARCH_PATHS = "$(inherited) @executable_path/Frameworks";
				PRODUCT_BUNDLE_IDENTIFIER = pl.wroclaw.pwr.Egzamin1;
				PRODUCT_NAME = "$(TARGET_NAME)";
				SWIFT_VERSION = 3.0;
			};
			name = Release;
		};
/* End XCBuildConfiguration section */

/* Begin XCConfigurationList section */
		2CA7EDBB1E664060000CADB2 /* Build configuration list for PBXProject "Egzamin1" */ = {
			isa = XCConfigurationList;
			buildConfigurations = (
				2CA7EDD41E664060000CADB2 /* Debug */,
				2CA7EDD51E664060000CADB2 /* Release */,
			);
			defaultConfigurationIsVisible = 0;
			defaultConfigurationName = Release;
		};
		2CA7EDD61E664060000CADB2 /* Build configuration list for PBXNativeTarget "Egzamin1" */ = {
			isa = XCConfigurationList;
			buildConfigurations = (
				2CA7EDD71E664060000CADB2 /* Debug */,
				2CA7EDD81E664060000CADB2 /* Release */,
			);
			defaultConfigurationIsVisible = 0;
		};
/* End XCConfigurationList section */
	};
	rootObject = 2CA7EDB81E664060000CADB2 /* Project object */;
}
